// !$*UTF8*$!
{
	archiveVersion = 1;
	classes = {
	};
	objectVersion = 56;
	objects = {

/* Begin PBXBuildFile section */
		C5F856142AFC045900B8BD71 /* pApp.swift in Sources */ = {isa = PBXBuildFile; fileRef = C5F856132AFC045900B8BD71 /* pApp.swift */; };
		C5F856162AFC045900B8BD71 /* ContentView.swift in Sources */ = {isa = PBXBuildFile; fileRef = C5F856152AFC045900B8BD71 /* ContentView.swift */; };
		C5F856182AFC045C00B8BD71 /* Assets.xcassets in Resources */ = {isa = PBXBuildFile; fileRef = C5F856172AFC045C00B8BD71 /* Assets.xcassets */; };
		C5F8561B2AFC045C00B8BD71 /* Preview Assets.xcassets in Resources */ = {isa = PBXBuildFile; fileRef = C5F8561A2AFC045C00B8BD71 /* Preview Assets.xcassets */; };
		C5F856252AFC045C00B8BD71 /* pTests.swift in Sources */ = {isa = PBXBuildFile; fileRef = C5F856242AFC045C00B8BD71 /* pTests.swift */; };
		C5F8562F2AFC045C00B8BD71 /* pUITests.swift in Sources */ = {isa = PBXBuildFile; fileRef = C5F8562E2AFC045C00B8BD71 /* pUITests.swift */; };
		C5F856312AFC045C00B8BD71 /* pUITestsLaunchTests.swift in Sources */ = {isa = PBXBuildFile; fileRef = C5F856302AFC045C00B8BD71 /* pUITestsLaunchTests.swift */; };
/* End PBXBuildFile section */

/* Begin PBXContainerItemProxy section */
		C5F856212AFC045C00B8BD71 /* PBXContainerItemProxy */ = {
			isa = PBXContainerItemProxy;
			containerPortal = C5F856082AFC045900B8BD71 /* Project object */;
			proxyType = 1;
			remoteGlobalIDString = C5F8560F2AFC045900B8BD71;
			remoteInfo = p;
		};
		C5F8562B2AFC045C00B8BD71 /* PBXContainerItemProxy */ = {
			isa = PBXContainerItemProxy;
			containerPortal = C5F856082AFC045900B8BD71 /* Project object */;
			proxyType = 1;
			remoteGlobalIDString = C5F8560F2AFC045900B8BD71;
			remoteInfo = p;
		};
/* End PBXContainerItemProxy section */

/* Begin PBXFileReference section */
		C5F856102AFC045900B8BD71 /* p.app */ = {isa = PBXFileReference; explicitFileType = wrapper.application; includeInIndex = 0; path = p.app; sourceTree = BUILT_PRODUCTS_DIR; };
		C5F856132AFC045900B8BD71 /* pApp.swift */ = {isa = PBXFileReference; lastKnownFileType = sourcecode.swift; path = pApp.swift; sourceTree = "<group>"; };
		C5F856152AFC045900B8BD71 /* ContentView.swift */ = {isa = PBXFileReference; lastKnownFileType = sourcecode.swift; path = ContentView.swift; sourceTree = "<group>"; };
		C5F856172AFC045C00B8BD71 /* Assets.xcassets */ = {isa = PBXFileReference; lastKnownFileType = folder.assetcatalog; path = Assets.xcassets; sourceTree = "<group>"; };
		C5F8561A2AFC045C00B8BD71 /* Preview Assets.xcassets */ = {isa = PBXFileReference; lastKnownFileType = folder.assetcatalog; path = "Preview Assets.xcassets"; sourceTree = "<group>"; };
		C5F856202AFC045C00B8BD71 /* pTests.xctest */ = {isa = PBXFileReference; explicitFileType = wrapper.cfbundle; includeInIndex = 0; path = pTests.xctest; sourceTree = BUILT_PRODUCTS_DIR; };
		C5F856242AFC045C00B8BD71 /* pTests.swift */ = {isa = PBXFileReference; lastKnownFileType = sourcecode.swift; path = pTests.swift; sourceTree = "<group>"; };
		C5F8562A2AFC045C00B8BD71 /* pUITests.xctest */ = {isa = PBXFileReference; explicitFileType = wrapper.cfbundle; includeInIndex = 0; path = pUITests.xctest; sourceTree = BUILT_PRODUCTS_DIR; };
		C5F8562E2AFC045C00B8BD71 /* pUITests.swift */ = {isa = PBXFileReference; lastKnownFileType = sourcecode.swift; path = pUITests.swift; sourceTree = "<group>"; };
		C5F856302AFC045C00B8BD71 /* pUITestsLaunchTests.swift */ = {isa = PBXFileReference; lastKnownFileType = sourcecode.swift; path = pUITestsLaunchTests.swift; sourceTree = "<group>"; };
/* End PBXFileReference section */

/* Begin PBXFrameworksBuildPhase section */
		C5F8560D2AFC045900B8BD71 /* Frameworks */ = {
			isa = PBXFrameworksBuildPhase;
			buildActionMask = 2147483647;
			files = (
			);
			runOnlyForDeploymentPostprocessing = 0;
		};
		C5F8561D2AFC045C00B8BD71 /* Frameworks */ = {
			isa = PBXFrameworksBuildPhase;
			buildActionMask = 2147483647;
			files = (
			);
			runOnlyForDeploymentPostprocessing = 0;
		};
		C5F856272AFC045C00B8BD71 /* Frameworks */ = {
			isa = PBXFrameworksBuildPhase;
			buildActionMask = 2147483647;
			files = (
			);
			runOnlyForDeploymentPostprocessing = 0;
		};
/* End PBXFrameworksBuildPhase section */

/* Begin PBXGroup section */
		C5F856072AFC045900B8BD71 = {
			isa = PBXGroup;
			children = (
				C5F856122AFC045900B8BD71 /* p */,
				C5F856232AFC045C00B8BD71 /* pTests */,
				C5F8562D2AFC045C00B8BD71 /* pUITests */,
				C5F856112AFC045900B8BD71 /* Products */,
			);
			sourceTree = "<group>";
		};
		C5F856112AFC045900B8BD71 /* Products */ = {
			isa = PBXGroup;
			children = (
				C5F856102AFC045900B8BD71 /* p.app */,
				C5F856202AFC045C00B8BD71 /* pTests.xctest */,
				C5F8562A2AFC045C00B8BD71 /* pUITests.xctest */,
			);
			name = Products;
			sourceTree = "<group>";
		};
		C5F856122AFC045900B8BD71 /* p */ = {
			isa = PBXGroup;
			children = (
				C5F856132AFC045900B8BD71 /* pApp.swift */,
				C5F856152AFC045900B8BD71 /* ContentView.swift */,
				C5F856172AFC045C00B8BD71 /* Assets.xcassets */,
				C5F856192AFC045C00B8BD71 /* Preview Content */,
			);
			path = p;
			sourceTree = "<group>";
		};
		C5F856192AFC045C00B8BD71 /* Preview Content */ = {
			isa = PBXGroup;
			children = (
				C5F8561A2AFC045C00B8BD71 /* Preview Assets.xcassets */,
			);
			path = "Preview Content";
			sourceTree = "<group>";
		};
		C5F856232AFC045C00B8BD71 /* pTests */ = {
			isa = PBXGroup;
			children = (
				C5F856242AFC045C00B8BD71 /* pTests.swift */,
			);
			path = pTests;
			sourceTree = "<group>";
		};
		C5F8562D2AFC045C00B8BD71 /* pUITests */ = {
			isa = PBXGroup;
			children = (
				C5F8562E2AFC045C00B8BD71 /* pUITests.swift */,
				C5F856302AFC045C00B8BD71 /* pUITestsLaunchTests.swift */,
			);
			path = pUITests;
			sourceTree = "<group>";
		};
/* End PBXGroup section */

/* Begin PBXNativeTarget section */
		C5F8560F2AFC045900B8BD71 /* p */ = {
			isa = PBXNativeTarget;
			buildConfigurationList = C5F856342AFC045C00B8BD71 /* Build configuration list for PBXNativeTarget "p" */;
			buildPhases = (
				C5F8560C2AFC045900B8BD71 /* Sources */,
				C5F8560D2AFC045900B8BD71 /* Frameworks */,
				C5F8560E2AFC045900B8BD71 /* Resources */,
			);
			buildRules = (
			);
			dependencies = (
			);
			name = p;
			productName = p;
			productReference = C5F856102AFC045900B8BD71 /* p.app */;
			productType = "com.apple.product-type.application";
		};
		C5F8561F2AFC045C00B8BD71 /* pTests */ = {
			isa = PBXNativeTarget;
			buildConfigurationList = C5F856372AFC045C00B8BD71 /* Build configuration list for PBXNativeTarget "pTests" */;
			buildPhases = (
				C5F8561C2AFC045C00B8BD71 /* Sources */,
				C5F8561D2AFC045C00B8BD71 /* Frameworks */,
				C5F8561E2AFC045C00B8BD71 /* Resources */,
			);
			buildRules = (
			);
			dependencies = (
				C5F856222AFC045C00B8BD71 /* PBXTargetDependency */,
			);
			name = pTests;
			productName = pTests;
			productReference = C5F856202AFC045C00B8BD71 /* pTests.xctest */;
			productType = "com.apple.product-type.bundle.unit-test";
		};
		C5F856292AFC045C00B8BD71 /* pUITests */ = {
			isa = PBXNativeTarget;
			buildConfigurationList = C5F8563A2AFC045C00B8BD71 /* Build configuration list for PBXNativeTarget "pUITests" */;
			buildPhases = (
				C5F856262AFC045C00B8BD71 /* Sources */,
				C5F856272AFC045C00B8BD71 /* Frameworks */,
				C5F856282AFC045C00B8BD71 /* Resources */,
			);
			buildRules = (
			);
			dependencies = (
				C5F8562C2AFC045C00B8BD71 /* PBXTargetDependency */,
			);
			name = pUITests;
			productName = pUITests;
			productReference = C5F8562A2AFC045C00B8BD71 /* pUITests.xctest */;
			productType = "com.apple.product-type.bundle.ui-testing";
		};
/* End PBXNativeTarget section */

/* Begin PBXProject section */
		C5F856082AFC045900B8BD71 /* Project object */ = {
			isa = PBXProject;
			attributes = {
				BuildIndependentTargetsInParallel = 1;
				LastSwiftUpdateCheck = 1500;
				LastUpgradeCheck = 1500;
				TargetAttributes = {
					C5F8560F2AFC045900B8BD71 = {
						CreatedOnToolsVersion = 15.0.1;
					};
					C5F8561F2AFC045C00B8BD71 = {
						CreatedOnToolsVersion = 15.0.1;
						TestTargetID = C5F8560F2AFC045900B8BD71;
					};
					C5F856292AFC045C00B8BD71 = {
						CreatedOnToolsVersion = 15.0.1;
						TestTargetID = C5F8560F2AFC045900B8BD71;
					};
				};
			};
			buildConfigurationList = C5F8560B2AFC045900B8BD71 /* Build configuration list for PBXProject "p" */;
			compatibilityVersion = "Xcode 14.0";
			developmentRegion = en;
			hasScannedForEncodings = 0;
			knownRegions = (
				en,
				Base,
			);
			mainGroup = C5F856072AFC045900B8BD71;
			productRefGroup = C5F856112AFC045900B8BD71 /* Products */;
			projectDirPath = "";
			projectRoot = "";
			targets = (
				C5F8560F2AFC045900B8BD71 /* p */,
				C5F8561F2AFC045C00B8BD71 /* pTests */,
				C5F856292AFC045C00B8BD71 /* pUITests */,
			);
		};
/* End PBXProject section */

/* Begin PBXResourcesBuildPhase section */
		C5F8560E2AFC045900B8BD71 /* Resources */ = {
			isa = PBXResourcesBuildPhase;
			buildActionMask = 2147483647;
			files = (
				C5F8561B2AFC045C00B8BD71 /* Preview Assets.xcassets in Resources */,
				C5F856182AFC045C00B8BD71 /* Assets.xcassets in Resources */,
			);
			runOnlyForDeploymentPostprocessing = 0;
		};
		C5F8561E2AFC045C00B8BD71 /* Resources */ = {
			isa = PBXResourcesBuildPhase;
			buildActionMask = 2147483647;
			files = (
			);
			runOnlyForDeploymentPostprocessing = 0;
		};
		C5F856282AFC045C00B8BD71 /* Resources */ = {
			isa = PBXResourcesBuildPhase;
			buildActionMask = 2147483647;
			files = (
			);
			runOnlyForDeploymentPostprocessing = 0;
		};
/* End PBXResourcesBuildPhase section */

/* Begin PBXSourcesBuildPhase section */
		C5F8560C2AFC045900B8BD71 /* Sources */ = {
			isa = PBXSourcesBuildPhase;
			buildActionMask = 2147483647;
			files = (
				C5F856162AFC045900B8BD71 /* ContentView.swift in Sources */,
				C5F856142AFC045900B8BD71 /* pApp.swift in Sources */,
			);
			runOnlyForDeploymentPostprocessing = 0;
		};
		C5F8561C2AFC045C00B8BD71 /* Sources */ = {
			isa = PBXSourcesBuildPhase;
			buildActionMask = 2147483647;
			files = (
				C5F856252AFC045C00B8BD71 /* pTests.swift in Sources */,
			);
			runOnlyForDeploymentPostprocessing = 0;
		};
		C5F856262AFC045C00B8BD71 /* Sources */ = {
			isa = PBXSourcesBuildPhase;
			buildActionMask = 2147483647;
			files = (
				C5F8562F2AFC045C00B8BD71 /* pUITests.swift in Sources */,
				C5F856312AFC045C00B8BD71 /* pUITestsLaunchTests.swift in Sources */,
			);
			runOnlyForDeploymentPostprocessing = 0;
		};
/* End PBXSourcesBuildPhase section */

/* Begin PBXTargetDependency section */
		C5F856222AFC045C00B8BD71 /* PBXTargetDependency */ = {
			isa = PBXTargetDependency;
			target = C5F8560F2AFC045900B8BD71 /* p */;
			targetProxy = C5F856212AFC045C00B8BD71 /* PBXContainerItemProxy */;
		};
		C5F8562C2AFC045C00B8BD71 /* PBXTargetDependency */ = {
			isa = PBXTargetDependency;
			target = C5F8560F2AFC045900B8BD71 /* p */;
			targetProxy = C5F8562B2AFC045C00B8BD71 /* PBXContainerItemProxy */;
		};
/* End PBXTargetDependency section */

/* Begin XCBuildConfiguration section */
		C5F856322AFC045C00B8BD71 /* Debug */ = {
			isa = XCBuildConfiguration;
			buildSettings = {
				ALWAYS_SEARCH_USER_PATHS = NO;
				ASSETCATALOG_COMPILER_GENERATE_SWIFT_ASSET_SYMBOL_EXTENSIONS = YES;
				CLANG_ANALYZER_NONNULL = YES;
				CLANG_ANALYZER_NUMBER_OBJECT_CONVERSION = YES_AGGRESSIVE;
				CLANG_CXX_LANGUAGE_STANDARD = "gnu++20";
				CLANG_ENABLE_MODULES = YES;
				CLANG_ENABLE_OBJC_ARC = YES;
				CLANG_ENABLE_OBJC_WEAK = YES;
				CLANG_WARN_BLOCK_CAPTURE_AUTORELEASING = YES;
				CLANG_WARN_BOOL_CONVERSION = YES;
				CLANG_WARN_COMMA = YES;
				CLANG_WARN_CONSTANT_CONVERSION = YES;
				CLANG_WARN_DEPRECATED_OBJC_IMPLEMENTATIONS = YES;
				CLANG_WARN_DIRECT_OBJC_ISA_USAGE = YES_ERROR;
				CLANG_WARN_DOCUMENTATION_COMMENTS = YES;
				CLANG_WARN_EMPTY_BODY = YES;
				CLANG_WARN_ENUM_CONVERSION = YES;
				CLANG_WARN_INFINITE_RECURSION = YES;
				CLANG_WARN_INT_CONVERSION = YES;
				CLANG_WARN_NON_LITERAL_NULL_CONVERSION = YES;
				CLANG_WARN_OBJC_IMPLICIT_RETAIN_SELF = YES;
				CLANG_WARN_OBJC_LITERAL_CONVERSION = YES;
				CLANG_WARN_OBJC_ROOT_CLASS = YES_ERROR;
				CLANG_WARN_QUOTED_INCLUDE_IN_FRAMEWORK_HEADER = YES;
				CLANG_WARN_RANGE_LOOP_ANALYSIS = YES;
				CLANG_WARN_STRICT_PROTOTYPES = YES;
				CLANG_WARN_SUSPICIOUS_MOVE = YES;
				CLANG_WARN_UNGUARDED_AVAILABILITY = YES_AGGRESSIVE;
				CLANG_WARN_UNREACHABLE_CODE = YES;
				CLANG_WARN__DUPLICATE_METHOD_MATCH = YES;
				COPY_PHASE_STRIP = NO;
				DEBUG_INFORMATION_FORMAT = dwarf;
				ENABLE_STRICT_OBJC_MSGSEND = YES;
				ENABLE_TESTABILITY = YES;
				ENABLE_USER_SCRIPT_SANDBOXING = YES;
				GCC_C_LANGUAGE_STANDARD = gnu17;
				GCC_DYNAMIC_NO_PIC = NO;
				GCC_NO_COMMON_BLOCKS = YES;
				GCC_OPTIMIZATION_LEVEL = 0;
				GCC_PREPROCESSOR_DEFINITIONS = (
					"DEBUG=1",
					"$(inherited)",
				);
				GCC_WARN_64_TO_32_BIT_CONVERSION = YES;
				GCC_WARN_ABOUT_RETURN_TYPE = YES_ERROR;
				GCC_WARN_UNDECLARED_SELECTOR = YES;
				GCC_WARN_UNINITIALIZED_AUTOS = YES_AGGRESSIVE;
				GCC_WARN_UNUSED_FUNCTION = YES;
				GCC_WARN_UNUSED_VARIABLE = YES;
				IPHONEOS_DEPLOYMENT_TARGET = 17.0;
				LOCALIZATION_PREFERS_STRING_CATALOGS = YES;
				MTL_ENABLE_DEBUG_INFO = INCLUDE_SOURCE;
				MTL_FAST_MATH = YES;
				ONLY_ACTIVE_ARCH = YES;
				SDKROOT = iphoneos;
				SWIFT_ACTIVE_COMPILATION_CONDITIONS = "DEBUG $(inherited)";
				SWIFT_OPTIMIZATION_LEVEL = "-Onone";
			};
			name = Debug;
		};
		C5F856332AFC045C00B8BD71 /* Release */ = {
			isa = XCBuildConfiguration;
			buildSettings = {
				ALWAYS_SEARCH_USER_PATHS = NO;
				ASSETCATALOG_COMPILER_GENERATE_SWIFT_ASSET_SYMBOL_EXTENSIONS = YES;
				CLANG_ANALYZER_NONNULL = YES;
				CLANG_ANALYZER_NUMBER_OBJECT_CONVERSION = YES_AGGRESSIVE;
				CLANG_CXX_LANGUAGE_STANDARD = "gnu++20";
				CLANG_ENABLE_MODULES = YES;
				CLANG_ENABLE_OBJC_ARC = YES;
				CLANG_ENABLE_OBJC_WEAK = YES;
				CLANG_WARN_BLOCK_CAPTURE_AUTORELEASING = YES;
				CLANG_WARN_BOOL_CONVERSION = YES;
				CLANG_WARN_COMMA = YES;
				CLANG_WARN_CONSTANT_CONVERSION = YES;
				CLANG_WARN_DEPRECATED_OBJC_IMPLEMENTATIONS = YES;
				CLANG_WARN_DIRECT_OBJC_ISA_USAGE = YES_ERROR;
				CLANG_WARN_DOCUMENTATION_COMMENTS = YES;
				CLANG_WARN_EMPTY_BODY = YES;
				CLANG_WARN_ENUM_CONVERSION = YES;
				CLANG_WARN_INFINITE_RECURSION = YES;
				CLANG_WARN_INT_CONVERSION = YES;
				CLANG_WARN_NON_LITERAL_NULL_CONVERSION = YES;
				CLANG_WARN_OBJC_IMPLICIT_RETAIN_SELF = YES;
				CLANG_WARN_OBJC_LITERAL_CONVERSION = YES;
				CLANG_WARN_OBJC_ROOT_CLASS = YES_ERROR;
				CLANG_WARN_QUOTED_INCLUDE_IN_FRAMEWORK_HEADER = YES;
				CLANG_WARN_RANGE_LOOP_ANALYSIS = YES;
				CLANG_WARN_STRICT_PROTOTYPES = YES;
				CLANG_WARN_SUSPICIOUS_MOVE = YES;
				CLANG_WARN_UNGUARDED_AVAILABILITY = YES_AGGRESSIVE;
				CLANG_WARN_UNREACHABLE_CODE = YES;
				CLANG_WARN__DUPLICATE_METHOD_MATCH = YES;
				COPY_PHASE_STRIP = NO;
				DEBUG_INFORMATION_FORMAT = "dwarf-with-dsym";
				ENABLE_NS_ASSERTIONS = NO;
				ENABLE_STRICT_OBJC_MSGSEND = YES;
				ENABLE_USER_SCRIPT_SANDBOXING = YES;
				GCC_C_LANGUAGE_STANDARD = gnu17;
				GCC_NO_COMMON_BLOCKS = YES;
				GCC_WARN_64_TO_32_BIT_CONVERSION = YES;
				GCC_WARN_ABOUT_RETURN_TYPE = YES_ERROR;
				GCC_WARN_UNDECLARED_SELECTOR = YES;
				GCC_WARN_UNINITIALIZED_AUTOS = YES_AGGRESSIVE;
				GCC_WARN_UNUSED_FUNCTION = YES;
				GCC_WARN_UNUSED_VARIABLE = YES;
				IPHONEOS_DEPLOYMENT_TARGET = 17.0;
				LOCALIZATION_PREFERS_STRING_CATALOGS = YES;
				MTL_ENABLE_DEBUG_INFO = NO;
				MTL_FAST_MATH = YES;
				SDKROOT = iphoneos;
				SWIFT_COMPILATION_MODE = wholemodule;
				VALIDATE_PRODUCT = YES;
			};
			name = Release;
		};
		C5F856352AFC045C00B8BD71 /* Debug */ = {
			isa = XCBuildConfiguration;
			buildSettings = {
				ASSETCATALOG_COMPILER_APPICON_NAME = AppIcon;
				ASSETCATALOG_COMPILER_GLOBAL_ACCENT_COLOR_NAME = AccentColor;
				CODE_SIGN_STYLE = Automatic;
				CURRENT_PROJECT_VERSION = 1;
				DEVELOPMENT_ASSET_PATHS = "\"p/Preview Content\"";
				ENABLE_PREVIEWS = YES;
				GENERATE_INFOPLIST_FILE = YES;
				INFOPLIST_KEY_UIApplicationSceneManifest_Generation = YES;
				INFOPLIST_KEY_UIApplicationSupportsIndirectInputEvents = YES;
				INFOPLIST_KEY_UILaunchScreen_Generation = YES;
				INFOPLIST_KEY_UISupportedInterfaceOrientations_iPad = "UIInterfaceOrientationPortrait UIInterfaceOrientationPortraitUpsideDown UIInterfaceOrientationLandscapeLeft UIInterfaceOrientationLandscapeRight";
				INFOPLIST_KEY_UISupportedInterfaceOrientations_iPhone = "UIInterfaceOrientationPortrait UIInterfaceOrientationLandscapeLeft UIInterfaceOrientationLandscapeRight";
				LD_RUNPATH_SEARCH_PATHS = (
					"$(inherited)",
					"@executable_path/Frameworks",
				);
				MARKETING_VERSION = 1.0;
				PRODUCT_BUNDLE_IDENTIFIER = ProfessionalXGAY.com.p;
				PRODUCT_NAME = "$(TARGET_NAME)";
				SWIFT_EMIT_LOC_STRINGS = YES;
				SWIFT_VERSION = 5.0;
				TARGETED_DEVICE_FAMILY = "1,2";
			};
			name = Debug;
		};
		C5F856362AFC045C00B8BD71 /* Release */ = {
			isa = XCBuildConfiguration;
			buildSettings = {
				ASSETCATALOG_COMPILER_APPICON_NAME = AppIcon;
				ASSETCATALOG_COMPILER_GLOBAL_ACCENT_COLOR_NAME = AccentColor;
				CODE_SIGN_STYLE = Automatic;
				CURRENT_PROJECT_VERSION = 1;
				DEVELOPMENT_ASSET_PATHS = "\"p/Preview Content\"";
				ENABLE_PREVIEWS = YES;
				GENERATE_INFOPLIST_FILE = YES;
				INFOPLIST_KEY_UIApplicationSceneManifest_Generation = YES;
				INFOPLIST_KEY_UIApplicationSupportsIndirectInputEvents = YES;
				INFOPLIST_KEY_UILaunchScreen_Generation = YES;
				INFOPLIST_KEY_UISupportedInterfaceOrientations_iPad = "UIInterfaceOrientationPortrait UIInterfaceOrientationPortraitUpsideDown UIInterfaceOrientationLandscapeLeft UIInterfaceOrientationLandscapeRight";
				INFOPLIST_KEY_UISupportedInterfaceOrientations_iPhone = "UIInterfaceOrientationPortrait UIInterfaceOrientationLandscapeLeft UIInterfaceOrientationLandscapeRight";
				LD_RUNPATH_SEARCH_PATHS = (
					"$(inherited)",
					"@executable_path/Frameworks",
				);
				MARKETING_VERSION = 1.0;
				PRODUCT_BUNDLE_IDENTIFIER = ProfessionalXGAY.com.p;
				PRODUCT_NAME = "$(TARGET_NAME)";
				SWIFT_EMIT_LOC_STRINGS = YES;
				SWIFT_VERSION = 5.0;
				TARGETED_DEVICE_FAMILY = "1,2";
			};
			name = Release;
		};
		C5F856382AFC045C00B8BD71 /* Debug */ = {
			isa = XCBuildConfiguration;
			buildSettings = {
				ALWAYS_EMBED_SWIFT_STANDARD_LIBRARIES = YES;
				BUNDLE_LOADER = "$(TEST_HOST)";
				CODE_SIGN_STYLE = Automatic;
				CURRENT_PROJECT_VERSION = 1;
				GENERATE_INFOPLIST_FILE = YES;
				IPHONEOS_DEPLOYMENT_TARGET = 17.0;
				MARKETING_VERSION = 1.0;
				PRODUCT_BUNDLE_IDENTIFIER = ProfessionalXGAY.com.pTests;
				PRODUCT_NAME = "$(TARGET_NAME)";
				SWIFT_EMIT_LOC_STRINGS = NO;
				SWIFT_VERSION = 5.0;
				TARGETED_DEVICE_FAMILY = "1,2";
				TEST_HOST = "$(BUILT_PRODUCTS_DIR)/p.app/$(BUNDLE_EXECUTABLE_FOLDER_PATH)/p";
			};
			name = Debug;
		};
		C5F856392AFC045C00B8BD71 /* Release */ = {
			isa = XCBuildConfiguration;
			buildSettings = {
				ALWAYS_EMBED_SWIFT_STANDARD_LIBRARIES = YES;
				BUNDLE_LOADER = "$(TEST_HOST)";
				CODE_SIGN_STYLE = Automatic;
				CURRENT_PROJECT_VERSION = 1;
				GENERATE_INFOPLIST_FILE = YES;
				IPHONEOS_DEPLOYMENT_TARGET = 17.0;
				MARKETING_VERSION = 1.0;
				PRODUCT_BUNDLE_IDENTIFIER = ProfessionalXGAY.com.pTests;
				PRODUCT_NAME = "$(TARGET_NAME)";
				SWIFT_EMIT_LOC_STRINGS = NO;
				SWIFT_VERSION = 5.0;
				TARGETED_DEVICE_FAMILY = "1,2";
				TEST_HOST = "$(BUILT_PRODUCTS_DIR)/p.app/$(BUNDLE_EXECUTABLE_FOLDER_PATH)/p";
			};
			name = Release;
		};
		C5F8563B2AFC045C00B8BD71 /* Debug */ = {
			isa = XCBuildConfiguration;
			buildSettings = {
				ALWAYS_EMBED_SWIFT_STANDARD_LIBRARIES = YES;
				CODE_SIGN_STYLE = Automatic;
				CURRENT_PROJECT_VERSION = 1;
				GENERATE_INFOPLIST_FILE = YES;
				MARKETING_VERSION = 1.0;
				PRODUCT_BUNDLE_IDENTIFIER = ProfessionalXGAY.com.pUITests;
				PRODUCT_NAME = "$(TARGET_NAME)";
				SWIFT_EMIT_LOC_STRINGS = NO;
				SWIFT_VERSION = 5.0;
				TARGETED_DEVICE_FAMILY = "1,2";
				TEST_TARGET_NAME = p;
			};
			name = Debug;
		};
		C5F8563C2AFC045C00B8BD71 /* Release */ = {
			isa = XCBuildConfiguration;
			buildSettings = {
				ALWAYS_EMBED_SWIFT_STANDARD_LIBRARIES = YES;
				CODE_SIGN_STYLE = Automatic;
				CURRENT_PROJECT_VERSION = 1;
				GENERATE_INFOPLIST_FILE = YES;
				MARKETING_VERSION = 1.0;
				PRODUCT_BUNDLE_IDENTIFIER = ProfessionalXGAY.com.pUITests;
				PRODUCT_NAME = "$(TARGET_NAME)";
				SWIFT_EMIT_LOC_STRINGS = NO;
				SWIFT_VERSION = 5.0;
				TARGETED_DEVICE_FAMILY = "1,2";
				TEST_TARGET_NAME = p;
			};
			name = Release;
		};
/* End XCBuildConfiguration section */

/* Begin XCConfigurationList section */
		C5F8560B2AFC045900B8BD71 /* Build configuration list for PBXProject "p" */ = {
			isa = XCConfigurationList;
			buildConfigurations = (
				C5F856322AFC045C00B8BD71 /* Debug */,
				C5F856332AFC045C00B8BD71 /* Release */,
			);
			defaultConfigurationIsVisible = 0;
			defaultConfigurationName = Release;
		};
		C5F856342AFC045C00B8BD71 /* Build configuration list for PBXNativeTarget "p" */ = {
			isa = XCConfigurationList;
			buildConfigurations = (
				C5F856352AFC045C00B8BD71 /* Debug */,
				C5F856362AFC045C00B8BD71 /* Release */,
			);
			defaultConfigurationIsVisible = 0;
			defaultConfigurationName = Release;
		};
		C5F856372AFC045C00B8BD71 /* Build configuration list for PBXNativeTarget "pTests" */ = {
			isa = XCConfigurationList;
			buildConfigurations = (
				C5F856382AFC045C00B8BD71 /* Debug */,
				C5F856392AFC045C00B8BD71 /* Release */,
			);
			defaultConfigurationIsVisible = 0;
			defaultConfigurationName = Release;
		};
		C5F8563A2AFC045C00B8BD71 /* Build configuration list for PBXNativeTarget "pUITests" */ = {
			isa = XCConfigurationList;
			buildConfigurations = (
				C5F8563B2AFC045C00B8BD71 /* Debug */,
				C5F8563C2AFC045C00B8BD71 /* Release */,
			);
			defaultConfigurationIsVisible = 0;
			defaultConfigurationName = Release;
		};
/* End XCConfigurationList section */
	};
	rootObject = C5F856082AFC045900B8BD71 /* Project object */;
}
